
Microsoft Visual Studio Solution File, Format Version 12.00
# Visual Studio Version 16
VisualStudioVersion = 16.0.29609.76
MinimumVisualStudioVersion = 10.0.40219.1
Project("{FAE04EC0-301F-11D3-BF4B-00C04F79EFBC}") = "SPR", "SPR\SPR.csproj", "{0E6871FA-2057-4226-BB65-2B36EA8070AB}"
EndProject
Global
	GlobalSection(SolutionConfigurationPlatforms) = preSolution
		Debug|Any CPU = Debug|Any CPU
		Release|Any CPU = Release|Any CPU
	EndGlobalSection
	GlobalSection(ProjectConfigurationPlatforms) = postSolution
		{0E6871FA-2057-4226-BB65-2B36EA8070AB}.Debug|Any CPU.ActiveCfg = Debug|Any CPU
		{0E6871FA-2057-4226-BB65-2B36EA8070AB}.Debug|Any CPU.Build.0 = Debug|Any CPU
		{0E6871FA-2057-4226-BB65-2B36EA8070AB}.Release|Any CPU.ActiveCfg = Release|Any CPU
		{0E6871FA-2057-4226-BB65-2B36EA8070AB}.Release|Any CPU.Build.0 = Release|Any CPU
	EndGlobalSection
	GlobalSection(SolutionProperties) = preSolution
		HideSolutionNode = FALSE
	EndGlobalSection
	GlobalSection(ExtensibilityGlobals) = postSolution
		SolutionGuid = {0CB24FD1-83ED-439D-BEFF-D45279EB9DFA}
	EndGlobalSection
EndGlobal
